github.com/davecgh/go-spew v1.1.1 h1:vj9j/u1bqnvCEfJOwUhtlOARqs3+rkHYY13jYWTU97c=
github.com/davecgh/go-spew v1.1.1/go.mod h1:J7Y8YcW2NihsgmVo/mv3lAwl/skON4iLHjSsI+c5H38=
github.com/gomarkdown/markdown v0.0.0-20220607163217-45f7c050e2d1 h1:wAupuFkZ/yq219/mSbqDtMfUZQY0gTYEtoz3/LKtppU=
github.com/gomarkdown/markdown v0.0.0-20220607163217-45f7c050e2d1/go.mod h1:JDGcbDT52eL4fju3sZ4TeHGsQwhG9nbDV21aMyhwPoA=
github.com/holiday-jp/holiday_jp-go v0.0.0-20201220151532-3a823f759834 h1:Zsp4ymItl87QRBPeCpmdvK+d6Kkz7s4/48qsBDnwrMg=
github.com/holiday-jp/holiday_jp-go v0.0.0-20201220151532-3a823f759834/go.mod h1:VJ2OXFBzuccj/96pcCgEm2mR5OPcKoweSzHrC9/k2Zo=
github.com/pmezard/go-difflib v1.0.0 h1:4DBwDE0NGyQoBHbLQYPwSUPoCMWR5BEzIk/f1lZbAQM=
github.com/pmezard/go-difflib v1.0.0/go.mod h1:iKH77koFhYxTK1pcRnkKkqfTogsbg7gZNVY4sRDYZ/4=
github.com/rakyll/statik v0.1.1 h1:fCLHsIMajHqD5RKigbFXpvX3dN7c80Pm12+NCrI3kvg=
github.com/rakyll/statik v0.1.1/go.mod h1:OEi9wJV/fMUAGx1eNjq75DKDsJVuEv1U0oYdX6GX8Zs=
github.com/stretchr/testify v1.8.4 h1:CcVxjf3Q8PM0mHUKJCdn+eZZtm5yQwehR5yeSVQQcUk=
github.com/stretchr/testify v1.8.4/go.mod h1:sz/lmYIOXD/1dqDmKjjqLyZ2RngseejIcXlSw2iwfAo=
golang.org/x/sync v0.3.0 h1:ftCYgMx6zT/asHUrPw8BLLscYtGznsLAnjq5RH9P66E=
golang.org/x/sync v0.3.0/go.mod h1:FU7BRWz2tNW+3quACPkgCx/L+uEAv1htQ0V83Z9Rj+Y=
golang.org/x/xerrors v0.0.0-20220609144429-65e65417b02f h1:uF6paiQQebLeSXkrTqHqz0MXhXXS1KgF41eUdBNvxK0=
golang.org/x/xerrors v0.0.0-20220609144429-65e65417b02f/go.mod h1:K8+ghG5WaK9qNqU5K3HdILfMLy1f3aNYFI/wnl100a8=
gopkg.in/check.v1 v0.0.0-20161208181325-20d25e280405 h1:yhCVgyC4o1eVCa2tZl7eS0r+SDo693bJlVdllGtEeKM=
gopkg.in/check.v1 v0.0.0-20161208181325-20d25e280405/go.mod h1:Co6ibVJAznAaIkqp8huTwlJQCZ016jof/cbN4VW5Yz0=
gopkg.in/yaml.v2 v2.4.0 h1:D8xgwECY7CYvx+Y2n4sBz93Jn9JRvxdiyyo8CTfuKaY=
gopkg.in/yaml.v2 v2.4.0/go.mod h1:RDklbk79AGWmwhnvt/jBztapEOGDOx6ZbXqjP6csGnQ=
gopkg.in/yaml.v3 v3.0.1 h1:fxVm/GzAzEWqLHuvctI91KS9hhNmmWOoWu0XTYJS7CA=
gopkg.in/yaml.v3 v3.0.1/go.mod h1:K4uyk7z7BCEPqu6E+C64Yfv1cQ7kz7rIZviUmN+EgEM=
